
Microsoft Visual Studio Solution File, Format Version 12.00
# Visual Studio Version 16
VisualStudioVersion = 16.0.29806.167
MinimumVisualStudioVersion = 10.0.40219.1
Project("{8BC9CEB8-8B4A-11D0-8D11-00A0C91BC942}") = "LTC-CPP-Student", "MyDemo2.vcxproj", "{CBB1F7B9-7963-4008-A698-5798BD86FE17}"
EndProject
Global
	GlobalSection(SolutionConfigurationPlatforms) = preSolution
		Debug|x64 = Debug|x64
		Debug|x86 = Debug|x86
		Release|x64 = Release|x64
		Release|x86 = Release|x86
	EndGlobalSection
	GlobalSection(ProjectConfigurationPlatforms) = postSolution
		{CBB1F7B9-7963-4008-A698-5798BD86FE17}.Debug|x64.ActiveCfg = Debug|x64
		{CBB1F7B9-7963-4008-A698-5798BD86FE17}.Debug|x64.Build.0 = Debug|x64
		{CBB1F7B9-7963-4008-A698-5798BD86FE17}.Debug|x86.ActiveCfg = Debug|Win32
		{CBB1F7B9-7963-4008-A698-5798BD86FE17}.Debug|x86.Build.0 = Debug|Win32
		{CBB1F7B9-7963-4008-A698-5798BD86FE17}.Release|x64.ActiveCfg = Release|x64
		{CBB1F7B9-7963-4008-A698-5798BD86FE17}.Release|x64.Build.0 = Release|x64
		{CBB1F7B9-7963-4008-A698-5798BD86FE17}.Release|x86.ActiveCfg = Release|Win32
		{CBB1F7B9-7963-4008-A698-5798BD86FE17}.Release|x86.Build.0 = Release|Win32
	EndGlobalSection
	GlobalSection(SolutionProperties) = preSolution
		HideSolutionNode = FALSE
	EndGlobalSection
	GlobalSection(ExtensibilityGlobals) = postSolution
		SolutionGuid = {04ACB81B-AFF6-4D94-902A-D8DFE5D3D3E9}
	EndGlobalSection
EndGlobal
